
Microsoft Visual Studio Solution File, Format Version 12.00
# Visual Studio Version 17
VisualStudioVersion = 17.2.32616.157
MinimumVisualStudioVersion = 10.0.40219.1
Project("{FAE04EC0-301F-11D3-BF4B-00C04F79EFBC}") = "dNCoslo", "dNCoslo.csproj", "{16E2CDF3-D4E4-41A2-94C4-0316A6434B53}"
EndProject
Global
	GlobalSection(SolutionConfigurationPlatforms) = preSolution
		Debug|Any CPU = Debug|Any CPU
		Release|Any CPU = Release|Any CPU
	EndGlobalSection
	GlobalSection(ProjectConfigurationPlatforms) = postSolution
		{16E2CDF3-D4E4-41A2-94C4-0316A6434B53}.Debug|Any CPU.ActiveCfg = Debug|Any CPU
		{16E2CDF3-D4E4-41A2-94C4-0316A6434B53}.Debug|Any CPU.Build.0 = Debug|Any CPU
		{16E2CDF3-D4E4-41A2-94C4-0316A6434B53}.Release|Any CPU.ActiveCfg = Release|Any CPU
		{16E2CDF3-D4E4-41A2-94C4-0316A6434B53}.Release|Any CPU.Build.0 = Release|Any CPU
	EndGlobalSection
	GlobalSection(SolutionProperties) = preSolution
		HideSolutionNode = FALSE
	EndGlobalSection
	GlobalSection(ExtensibilityGlobals) = postSolution
		SolutionGuid = {9150D76C-1774-4BF1-9708-458DEC8DBAF6}
	EndGlobalSection
EndGlobal
